
Microsoft Visual Studio Solution File, Format Version 12.00
# Visual Studio Version 17
VisualStudioVersion = 17.0.31903.59
MinimumVisualStudioVersion = 10.0.40219.1
Project("{2150E333-8FDC-42A3-9474-1A3956D46DE8}") = "src", "src", "{2B9695D8-3CFA-4879-AF54-8F40BD28F8CD}"
EndProject
Project("{F2A71F9B-5D33-465A-A702-920D77279786}") = "Tetris", "src\Tetris\Tetris.fsproj", "{2CC09201-6F16-41E1-AB06-D3CC340B41EB}"
EndProject
Project("{F2A71F9B-5D33-465A-A702-920D77279786}") = "Tetris.Test", "src\Tetris.Test\Tetris.Test.fsproj", "{701659E6-4D9D-44C4-8A38-870C4E74C068}"
EndProject
Global
	GlobalSection(SolutionConfigurationPlatforms) = preSolution
		Debug|Any CPU = Debug|Any CPU
		Release|Any CPU = Release|Any CPU
	EndGlobalSection
	GlobalSection(SolutionProperties) = preSolution
		HideSolutionNode = FALSE
	EndGlobalSection
	GlobalSection(ProjectConfigurationPlatforms) = postSolution
		{2CC09201-6F16-41E1-AB06-D3CC340B41EB}.Debug|Any CPU.ActiveCfg = Debug|Any CPU
		{2CC09201-6F16-41E1-AB06-D3CC340B41EB}.Debug|Any CPU.Build.0 = Debug|Any CPU
		{2CC09201-6F16-41E1-AB06-D3CC340B41EB}.Release|Any CPU.ActiveCfg = Release|Any CPU
		{2CC09201-6F16-41E1-AB06-D3CC340B41EB}.Release|Any CPU.Build.0 = Release|Any CPU
		{701659E6-4D9D-44C4-8A38-870C4E74C068}.Debug|Any CPU.ActiveCfg = Debug|Any CPU
		{701659E6-4D9D-44C4-8A38-870C4E74C068}.Debug|Any CPU.Build.0 = Debug|Any CPU
		{701659E6-4D9D-44C4-8A38-870C4E74C068}.Release|Any CPU.ActiveCfg = Release|Any CPU
		{701659E6-4D9D-44C4-8A38-870C4E74C068}.Release|Any CPU.Build.0 = Release|Any CPU
	EndGlobalSection
	GlobalSection(NestedProjects) = preSolution
		{2CC09201-6F16-41E1-AB06-D3CC340B41EB} = {2B9695D8-3CFA-4879-AF54-8F40BD28F8CD}
		{701659E6-4D9D-44C4-8A38-870C4E74C068} = {2B9695D8-3CFA-4879-AF54-8F40BD28F8CD}
	EndGlobalSection
EndGlobal
